
Microsoft Visual Studio Solution File, Format Version 12.00
# Visual Studio 14
VisualStudioVersion = 14.0.25420.1
MinimumVisualStudioVersion = 10.0.40219.1
Project("{FAE04EC0-301F-11D3-BF4B-00C04F79EFBC}") = "MAC", "MAC\MAC.csproj", "{4E2214DC-FA10-4D9A-835F-529B4F033655}"
EndProject
Project("{FAE04EC0-301F-11D3-BF4B-00C04F79EFBC}") = "MAC.Tests", "MAC.Tests\MAC.Tests.csproj", "{B7718029-8FD3-490A-88CC-D90F17DF4AE9}"
EndProject
Global
	GlobalSection(SolutionConfigurationPlatforms) = preSolution
		Debug|Any CPU = Debug|Any CPU
		Release|Any CPU = Release|Any CPU
	EndGlobalSection
	GlobalSection(ProjectConfigurationPlatforms) = postSolution
		{4E2214DC-FA10-4D9A-835F-529B4F033655}.Debug|Any CPU.ActiveCfg = Debug|Any CPU
		{4E2214DC-FA10-4D9A-835F-529B4F033655}.Debug|Any CPU.Build.0 = Debug|Any CPU
		{4E2214DC-FA10-4D9A-835F-529B4F033655}.Release|Any CPU.ActiveCfg = Release|Any CPU
		{4E2214DC-FA10-4D9A-835F-529B4F033655}.Release|Any CPU.Build.0 = Release|Any CPU
		{B7718029-8FD3-490A-88CC-D90F17DF4AE9}.Debug|Any CPU.ActiveCfg = Debug|Any CPU
		{B7718029-8FD3-490A-88CC-D90F17DF4AE9}.Debug|Any CPU.Build.0 = Debug|Any CPU
		{B7718029-8FD3-490A-88CC-D90F17DF4AE9}.Release|Any CPU.ActiveCfg = Release|Any CPU
		{B7718029-8FD3-490A-88CC-D90F17DF4AE9}.Release|Any CPU.Build.0 = Release|Any CPU
	EndGlobalSection
	GlobalSection(SolutionProperties) = preSolution
		HideSolutionNode = FALSE
	EndGlobalSection
EndGlobal
